
Microsoft Visual Studio Solution File, Format Version 12.00
# Visual Studio Version 17
VisualStudioVersion = 17.5.33502.453
MinimumVisualStudioVersion = 10.0.40219.1
Project("{FAE04EC0-301F-11D3-BF4B-00C04F79EFBC}") = "Homework008", "Homework008\Homework008.csproj", "{AF20D305-A4AB-42BF-B8D5-456C6F842FCF}"
EndProject
Global
	GlobalSection(SolutionConfigurationPlatforms) = preSolution
		Debug|Any CPU = Debug|Any CPU
		Release|Any CPU = Release|Any CPU
	EndGlobalSection
	GlobalSection(ProjectConfigurationPlatforms) = postSolution
		{AF20D305-A4AB-42BF-B8D5-456C6F842FCF}.Debug|Any CPU.ActiveCfg = Debug|Any CPU
		{AF20D305-A4AB-42BF-B8D5-456C6F842FCF}.Debug|Any CPU.Build.0 = Debug|Any CPU
		{AF20D305-A4AB-42BF-B8D5-456C6F842FCF}.Release|Any CPU.ActiveCfg = Release|Any CPU
		{AF20D305-A4AB-42BF-B8D5-456C6F842FCF}.Release|Any CPU.Build.0 = Release|Any CPU
	EndGlobalSection
	GlobalSection(SolutionProperties) = preSolution
		HideSolutionNode = FALSE
	EndGlobalSection
	GlobalSection(ExtensibilityGlobals) = postSolution
		SolutionGuid = {5C01F65B-EAB6-468F-B0E9-F88006680C5C}
	EndGlobalSection
EndGlobal
